
Microsoft Visual Studio Solution File, Format Version 12.00
# Visual Studio Version 17
VisualStudioVersion = 17.5.002.0
MinimumVisualStudioVersion = 10.0.40219.1
Project("{9A19103F-16F7-4668-BE54-9A1E7A4F7556}") = "MusicRecommendationEngineAPI", "api\MusicRecommendationEngineAPI.csproj", "{C512296E-8ACF-4005-A907-7D98A4FF03CC}"
EndProject
Global
	GlobalSection(SolutionConfigurationPlatforms) = preSolution
		Debug|Any CPU = Debug|Any CPU
		Release|Any CPU = Release|Any CPU
	EndGlobalSection
	GlobalSection(ProjectConfigurationPlatforms) = postSolution
		{C512296E-8ACF-4005-A907-7D98A4FF03CC}.Debug|Any CPU.ActiveCfg = Debug|Any CPU
		{C512296E-8ACF-4005-A907-7D98A4FF03CC}.Debug|Any CPU.Build.0 = Debug|Any CPU
		{C512296E-8ACF-4005-A907-7D98A4FF03CC}.Release|Any CPU.ActiveCfg = Release|Any CPU
		{C512296E-8ACF-4005-A907-7D98A4FF03CC}.Release|Any CPU.Build.0 = Release|Any CPU
	EndGlobalSection
	GlobalSection(SolutionProperties) = preSolution
		HideSolutionNode = FALSE
	EndGlobalSection
	GlobalSection(ExtensibilityGlobals) = postSolution
		SolutionGuid = {7C90B398-4C17-4A05-BC09-50F1685F24DA}
	EndGlobalSection
EndGlobal
